PackratFormat: 1.4
PackratVersion: 0.6.0
RVersion: 4.1.0
Repos: BioCsoft=https://bioconductor.org/packages/3.13/bioc,
    BioCann=https://bioconductor.org/packages/3.13/data/annotation,
    BioCexp=https://bioconductor.org/packages/3.13/data/experiment,
    BioCworkflows=https://bioconductor.org/packages/3.13/workflows,
    BioCbooks=https://bioconductor.org/packages/3.13/books,
    CRAN=https://cloud.r-project.org/

Package: Biobase
Source: Bioconductor
Version: 2.52.0
Hash: a46e3e1f5b2d1ab649e2c062aabd03f4
Requires: BiocGenerics

Package: BiocGenerics
Source: Bioconductor
Version: 0.38.0
Hash: 00055933eea9ba8678a1b202dbbb05e4

Package: Cairo
Source: CRAN
Version: 1.5-12.2
Hash: a85cf5fd08393ba3cf3d207d193dd662

Package: ComplexHeatmap
Source: Bioconductor
Version: 2.8.0
Hash: 8c13e7870ee5ea802c5c6cf9b9c16d4e
Requires: Cairo, GetoptLong, GlobalOptions, IRanges, RColorBrewer,
    circlize, clue, colorspace, digest, doParallel, foreach,
    matrixStats, png

Package: DT
Source: CRAN
Version: 0.18
Hash: 29936e2ae618b3e662f1130d8623ee69
Requires: crosstalk, htmltools, htmlwidgets, jsonlite, magrittr,
    promises

Package: DelayedArray
Source: Bioconductor
Version: 0.18.0
Hash: 704ecaac47c17031d788dbdfc6af3fcb
Requires: BiocGenerics, IRanges, S4Vectors, Matrix, MatrixGenerics

Package: GenomeInfoDb
Source: Bioconductor
Version: 1.28.1
Hash: a11fc51564dee2f4b8e1233f00bf36a1
Requires: BiocGenerics, IRanges, S4Vectors, GenomeInfoDbData, RCurl

Package: GenomeInfoDbData
Source: Bioconductor
Version: 1.2.6
Hash: e96e41ad95182d3547fca2ed4f90b063

Package: GenomicRanges
Source: Bioconductor
Version: 1.44.0
Hash: b9833b0c59eaf8fcd97f7ee5a3e4aec9
Requires: BiocGenerics, GenomeInfoDb, IRanges, S4Vectors, XVector

Package: GetoptLong
Source: CRAN
Version: 1.0.5
Hash: 873027e7fef53c35c3d4d4a6f2c8bf46
Requires: GlobalOptions, crayon, rjson

Package: GlobalOptions
Source: CRAN
Version: 0.1.2
Hash: fd4ac468116422dce8a1817c9d759184

Package: IRanges
Source: Bioconductor
Version: 2.26.0
Hash: b234423b22cda0284db855581412bcef
Requires: BiocGenerics, S4Vectors

Package: MASS
Source: CRAN
Version: 7.3-54
Hash: 6e22c69d9dc2dbc77dcea14977b7f0a6

Package: Matrix
Source: CRAN
Version: 1.3-4
Hash: 1957b96ad84177dce4231e951ab7f4ac
Requires: lattice

Package: MatrixGenerics
Source: Bioconductor
Version: 1.4.0
Hash: 6750a69a48787655b3fb16e10ee74415
Requires: matrixStats

Package: R6
Source: CRAN
Version: 2.5.0
Hash: 25ebbd2664a276c915984da5c820c404

Package: RColorBrewer
Source: CRAN
Version: 1.1-2
Hash: c0d56cd15034f395874c870141870c25

Package: RCurl
Source: CRAN
Version: 1.98-1.3
Hash: ab55a823634868fe6a3d720539d61f3b
Requires: bitops

Package: Rcpp
Source: CRAN
Version: 1.0.7
Hash: 3067a413f1457c3c1d88bf39026b179f

Package: S4Vectors
Source: Bioconductor
Version: 0.30.0
Hash: aa60b2c5e2c1a9a912dcb0f6c6fb584d
Requires: BiocGenerics

Package: SingleCellExperiment
Source: Bioconductor
Version: 1.14.1
Hash: 0848bf2929a2d6aee3bc17613f63420c
Requires: BiocGenerics, DelayedArray, GenomicRanges, S4Vectors,
    SummarizedExperiment

Package: SummarizedExperiment
Source: Bioconductor
Version: 1.22.0
Hash: cb084520f25cdca78ef8cd6bd27ff61b
Requires: Biobase, BiocGenerics, DelayedArray, GenomeInfoDb,
    GenomicRanges, IRanges, Matrix, MatrixGenerics, S4Vectors

Package: XVector
Source: Bioconductor
Version: 0.32.0
Hash: 30f4caddc5f5c0fc601e590c46ce208e
Requires: BiocGenerics, IRanges, S4Vectors, zlibbioc

Package: base64enc
Source: CRAN
Version: 0.1-3
Hash: c590d29e555926af053055e23ee79efb

Package: bitops
Source: CRAN
Version: 1.0-7
Hash: a1c58663065ce2dec2fb066c699e2e11

Package: bslib
Source: CRAN
Version: 0.2.5.1
Hash: 4bc2bf9bf4bffb2dd536cc867bf0b293
Requires: htmltools, jsonlite, magrittr, rlang, jquerylib, sass

Package: cachem
Source: CRAN
Version: 1.0.5
Hash: 7ade2ba1d62898c85dc5b677b2c1dc4a
Requires: rlang, fastmap

Package: circlize
Source: CRAN
Version: 0.4.13
Hash: b837a1f75542de21bcc226ea51eabc17
Requires: GlobalOptions, colorspace, shape

Package: cli
Source: CRAN
Version: 3.0.1
Hash: 60cf83a88772ada4a5e2493fb1c4070d
Requires: glue

Package: clue
Source: CRAN
Version: 0.3-59
Hash: 2c30a3cf88ce96bf37163407156ee59d
Requires: cluster

Package: cluster
Source: CRAN
Version: 2.1.2
Hash: 882f1e6c30c81cb871fb2efeac7ae10d

Package: codetools
Source: CRAN
Version: 0.2-18
Hash: 1225ba881d465058ec055509e1d58540

Package: colorspace
Source: CRAN
Version: 2.0-2
Hash: 0e38d18a06e22b1a78ee616bcfa467e1

Package: colourpicker
Source: CRAN
Version: 1.1.0
Hash: 735e1d1854b425dcd795eeb854ce05e5
Requires: htmltools, htmlwidgets, jsonlite, ggplot2, miniUI, shiny,
    shinyjs

Package: commonmark
Source: CRAN
Version: 1.7
Hash: 77f4ba718e2bad1877ef26e48cf8fa43

Package: crayon
Source: CRAN
Version: 1.4.1
Hash: 2e1b6e4b4bc63ebe2aaee1546b871329

Package: crosstalk
Source: CRAN
Version: 1.1.1
Hash: 40844571ab8c7b3009cde6e49a1ace16
Requires: R6, htmltools, jsonlite, lazyeval

Package: digest
Source: CRAN
Version: 0.6.27
Hash: 8ba156629c1537635b39332c93d8ed33

Package: doParallel
Source: CRAN
Version: 1.0.16
Hash: 0bfafffe940c8fc4bc4f785018b17dde
Requires: foreach, iterators

Package: ellipsis
Source: CRAN
Version: 0.3.2
Hash: b21bfc48556c0c6a93fc9ede6c00cfaf
Requires: rlang

Package: fansi
Source: CRAN
Version: 0.5.0
Hash: e9c5e9cf18ad59b0c247458927b46d10

Package: farver
Source: CRAN
Version: 2.1.0
Hash: a001f1816f74d0e76e82171eef764a9d

Package: fastmap
Source: CRAN
Version: 1.1.0
Hash: e4d212b14d40b91c791c0b9d3b6ffd99

Package: foreach
Source: CRAN
Version: 1.5.1
Hash: 6dda99e5cba20abf021b0e6cfb3472df
Requires: codetools, iterators

Package: fs
Source: CRAN
Version: 1.5.0
Hash: 918ea5c88cad73d5d5b529ca98f8ad11

Package: ggplot2
Source: CRAN
Version: 3.3.5
Hash: b54994f1f414ea1e2ecf978d298e9739
Requires: MASS, digest, glue, rlang, gtable, isoband, mgcv, scales,
    tibble, withr

Package: ggrepel
Source: CRAN
Version: 0.9.1
Hash: 2fb92034740e6ea86867deaced574b0a
Requires: Rcpp, ggplot2, rlang, scales

Package: glue
Source: CRAN
Version: 1.4.2
Hash: afa798ba9deec3676e20300b79094749

Package: gtable
Source: CRAN
Version: 0.3.0
Hash: a9e7b0666eb933a0cb36779240b4462e

Package: htmltools
Source: CRAN
Version: 0.5.1.1
Hash: 297e3b95a781d9a6fb7259e0f6824020
Requires: digest, base64enc, rlang

Package: htmlwidgets
Source: CRAN
Version: 1.5.3
Hash: 6405f8f000f8a52e0dc2f034b3693fe5
Requires: htmltools, jsonlite, yaml

Package: httpuv
Source: CRAN
Version: 1.6.1
Hash: b1c34b17469c3b466f9ee8619d50a37f
Requires: R6, Rcpp, later, promises

Package: iSEE
Source: Bioconductor
Version: 2.4.0
Hash: 464c316514b2a2b7a0a977eea68987f5
Requires: BiocGenerics, ComplexHeatmap, DT, S4Vectors,
    SingleCellExperiment, SummarizedExperiment, circlize, colourpicker,
    ggplot2, ggrepel, mgcv, shiny, shinyjs, viridisLite, igraph,
    rintrojs, shinyAce, shinyWidgets, shinydashboard, vipor

Package: igraph
Source: CRAN
Version: 1.2.6
Hash: c300771ef64bec8c0a7a469d38550779
Requires: Matrix, magrittr, pkgconfig

Package: isoband
Source: CRAN
Version: 0.2.5
Hash: 15170dedd197ee88139ce1845ecce097

Package: iterators
Source: CRAN
Version: 1.0.13
Hash: 750adbdf6750e2dbcf2066c443d64892

Package: jquerylib
Source: CRAN
Version: 0.1.4
Hash: 338eb4374296b76bdee1e463c810113d
Requires: htmltools

Package: jsonlite
Source: CRAN
Version: 1.7.2
Hash: a5965fb563ba3643e75c425a82f935e6

Package: labeling
Source: CRAN
Version: 0.4.2
Hash: 7474c78957f4e01d1dd4c04217eab244

Package: later
Source: CRAN
Version: 1.2.0
Hash: d6a846c4a2021469834f39703f2dc24d
Requires: Rcpp, rlang

Package: lattice
Source: CRAN
Version: 0.20-44
Hash: 1de9d2e96f685f9b83f087234d85273d

Package: lazyeval
Source: CRAN
Version: 0.2.2
Hash: 563563691bea3cde6945a98996d7c166

Package: lifecycle
Source: CRAN
Version: 1.0.0
Hash: 0c18dc7a4e21abdc8132b7cac2b5fcb4
Requires: glue, rlang

Package: magrittr
Source: CRAN
Version: 2.0.1
Hash: d3c166b0573ae8c918edf7221dfe7380

Package: matrixStats
Source: CRAN
Version: 0.60.0
Hash: dcfd3f738280c8048d60c37afc33aec7

Package: mgcv
Source: CRAN
Version: 1.8-36
Hash: 6aed36586d849549755bc84866a1a136
Requires: Matrix, nlme

Package: mime
Source: CRAN
Version: 0.11
Hash: 581b1d7791e2fcea7bbeaf8b74129cd0

Package: miniUI
Source: CRAN
Version: 0.1.1.1
Hash: c7e3ea486421c2fa5b03bb7fcd0415f6
Requires: htmltools, shiny

Package: munsell
Source: CRAN
Version: 0.5.0
Hash: 38d0efee9bb99bef143bde41c4ce715c
Requires: colorspace

Package: nlme
Source: CRAN
Version: 3.1-152
Hash: 3761e6e8818069c15c0d04deef664201
Requires: lattice

Package: pillar
Source: CRAN
Version: 1.6.2
Hash: 586f81c3ce3196625ea62d9562fca172
Requires: cli, crayon, ellipsis, fansi, lifecycle, rlang, utf8, vctrs

Package: pkgconfig
Source: github
Version: 2.0.3
Hash: b3d7e86b064ca8ef4ee58c51a2190e7f
GithubRepo: pkgconfig
GithubUsername: gaborcsardi
GithubRef: HEAD
GithubSha1: b81ae038aa5fe5d7c66c363d45a002cd8f0a4503
RemoteHost: api.github.com
RemoteRepo: pkgconfig
RemoteUsername: gaborcsardi
RemoteRef: HEAD
RemoteSha: b81ae038aa5fe5d7c66c363d45a002cd8f0a4503

Package: png
Source: CRAN
Version: 0.1-7
Hash: 421d7d6e0fb4bd885ecbd909b6456b8b

Package: promises
Source: CRAN
Version: 1.2.0.1
Hash: f022420d90ed232ac326c9e39553f823
Requires: R6, magrittr, rlang, Rcpp, later

Package: rappdirs
Source: CRAN
Version: 0.3.3
Hash: fd602edfd7dbf365642e35dd9cc97958

Package: rintrojs
Source: CRAN
Version: 0.3.0
Hash: fb17f0ff26d88e095e267d3060706729
Requires: jsonlite, shiny

Package: rjson
Source: CRAN
Version: 0.2.20
Hash: 44ee331003bf03b92e97b3089461dd2f

Package: rlang
Source: CRAN
Version: 0.4.11
Hash: 765f56f2e0697cfd1ad4c9d34e4efedc

Package: sass
Source: CRAN
Version: 0.4.0
Hash: 898260598d59907eda6f28dfec65473c
Requires: R6, htmltools, rlang, fs, rappdirs

Package: scales
Source: CRAN
Version: 1.1.1
Hash: b67ae9f62ecb8912751eb664055d8f8a
Requires: R6, RColorBrewer, farver, labeling, lifecycle, munsell,
    viridisLite

Package: shape
Source: CRAN
Version: 1.4.6
Hash: 02b476df77a9864473a839f277192ee3

Package: shiny
Source: CRAN
Version: 1.6.0
Hash: 35e21ce401cc3b1fae93a190b32f6a65
Requires: R6, bslib, cachem, crayon, digest, ellipsis, fastmap, glue,
    htmltools, jsonlite, later, lifecycle, promises, rlang, withr,
    commonmark, httpuv, mime, sourcetools, xtable

Package: shinyAce
Source: CRAN
Version: 0.4.1
Hash: 75d6f62c39346eb2ffef090f36e11fac
Requires: jsonlite, shiny

Package: shinyWidgets
Source: CRAN
Version: 0.6.0
Hash: 3daae69d2d97287a0d035f1f9f2748c8
Requires: bslib, htmltools, jsonlite, sass, shiny

Package: shinydashboard
Source: CRAN
Version: 0.7.1
Hash: 9ff3e3d1aa83d9ae9b75c6f31e982aa6
Requires: htmltools, promises, shiny

Package: shinyjs
Source: CRAN
Version: 2.0.0
Hash: 76cd028f38d0c5a1f198c4daab81ddfe
Requires: digest, htmltools, jsonlite, shiny

Package: sourcetools
Source: CRAN
Version: 0.1.7
Hash: d093478ac90064e670cd4bf1a99b47b6

Package: tibble
Source: CRAN
Version: 3.1.3
Hash: 16e05cbf4212b5ec3e37af88faa70ffa
Requires: lifecycle, magrittr, rlang, ellipsis, fansi, pillar,
    pkgconfig, vctrs

Package: utf8
Source: CRAN
Version: 1.2.2
Hash: ae77ea6ebb503eaa6ee3b7ca80ea4f1b

Package: vctrs
Source: CRAN
Version: 0.3.8
Hash: e2e7a28fd30d8df018965c923afd1195
Requires: ellipsis, glue, rlang

Package: vipor
Source: CRAN
Version: 0.4.5
Hash: 70876a39abff4ef560c2e1c95293de90

Package: viridisLite
Source: CRAN
Version: 0.4.0
Hash: aeccc8c24d26192f4043be0c69151b96

Package: withr
Source: CRAN
Version: 2.4.2
Hash: 56366c768cead0b9b2b773cf9f16a432

Package: xtable
Source: CRAN
Version: 1.8-4
Hash: dc0d47261b678d26032363bebd050540

Package: yaml
Source: CRAN
Version: 2.2.1
Hash: 424bc11cc358f23187feaa7978628196

Package: zlibbioc
Source: Bioconductor
Version: 1.38.0
Hash: cfd54ce534524f0a03cd56818570c4e3
