PackratFormat: 1.4
PackratVersion: 0.8.1
RVersion: 4.2.1
Repos: BioCsoft=https://bioconductor.org/packages/3.15/bioc,
    BioCann=https://bioconductor.org/packages/3.15/data/annotation,
    BioCexp=https://bioconductor.org/packages/3.15/data/experiment,
    BioCworkflows=https://bioconductor.org/packages/3.15/workflows,
    BioCbooks=https://bioconductor.org/packages/3.15/books,
    CRAN=https://cran.rstudio.com/

Package: BH
Source: CRAN
Version: 1.78.0-0
Hash: 5e343da4566e201efba8ad6960391542

Package: Biobase
Source: Bioconductor
Version: 2.56.0
Hash: 070799c72f3cd8efb475f4b7835252f3
Requires: BiocGenerics

Package: BiocFileCache
Source: Bioconductor
Version: 2.4.0
Hash: 8a1811de37ce480863fcebadbf78bd11
Requires: DBI, RSQLite, curl, dbplyr, dplyr, filelock, httr, rappdirs

Package: BiocGenerics
Source: Bioconductor
Version: 0.42.0
Hash: 2b0e30fcb72b949f3efb8276edfe4d85

Package: BiocParallel
Source: Bioconductor
Version: 1.30.4
Hash: 4735f62c069ae4da69255e463f9164ea
Requires: BH, codetools, futile.logger, snow

Package: ComplexHeatmap
Source: Bioconductor
Version: 2.12.1
Hash: 79c9c344bc4b3ff9691724183465eb2e
Requires: GlobalOptions, IRanges, RColorBrewer, circlize, clue,
    codetools, colorspace, digest, matrixStats, GetoptLong, doParallel,
    foreach, png

Package: DBI
Source: CRAN
Version: 1.1.3
Hash: 7dcd002c792e29900d0189d8678fea64

Package: DT
Source: CRAN
Version: 0.26
Hash: a8da76fcb3b39094ddd6ff8e577d91f3
Requires: crosstalk, htmltools, htmlwidgets, jquerylib, jsonlite,
    magrittr, promises

Package: DelayedArray
Source: Bioconductor
Version: 0.22.0
Hash: c8c4a49181f6bfde1ad383aa4fc4498c
Requires: BiocGenerics, IRanges, Matrix, MatrixGenerics, S4Vectors

Package: DelayedMatrixStats
Source: Bioconductor
Version: 1.18.2
Hash: 62bf71b41ef1a6557a4c591fb1cab589
Requires: DelayedArray, IRanges, Matrix, MatrixGenerics, S4Vectors,
    matrixStats, sparseMatrixStats

Package: DropletUtils
Source: Bioconductor
Version: 1.16.0
Hash: e6d3e226c21d356753ae7ad2697d4cd5
Requires: BH, BiocGenerics, BiocParallel, DelayedArray,
    DelayedMatrixStats, IRanges, Matrix, Rcpp, S4Vectors, beachmat,
    dqrng, GenomicRanges, HDF5Array, R.utils, Rhdf5lib,
    SingleCellExperiment, SummarizedExperiment, edgeR, rhdf5, scuttle

Package: GenomeInfoDb
Source: Bioconductor
Version: 1.32.4
Hash: a50c12136df640b391121968f7eb56de
Requires: BiocGenerics, IRanges, S4Vectors, GenomeInfoDbData, RCurl

Package: GenomeInfoDbData
Source: Bioconductor
Version: 1.2.8
Hash: 814df0a6424cd8bd3b8cf17bff596638

Package: GenomicRanges
Source: Bioconductor
Version: 1.48.0
Hash: 66e40018c59fe2d911abd55ba2585264
Requires: BiocGenerics, IRanges, S4Vectors, GenomeInfoDb, XVector

Package: GetoptLong
Source: CRAN
Version: 1.0.5
Hash: 873027e7fef53c35c3d4d4a6f2c8bf46
Requires: GlobalOptions, crayon, rjson

Package: GlobalOptions
Source: CRAN
Version: 0.1.2
Hash: fd4ac468116422dce8a1817c9d759184

Package: HDF5Array
Source: Bioconductor
Version: 1.24.2
Hash: be5b4d39f26ef6b3daa7daf1af6195c6
Requires: BiocGenerics, DelayedArray, IRanges, Matrix, S4Vectors,
    Rhdf5lib, rhdf5, rhdf5filters

Package: IRanges
Source: Bioconductor
Version: 2.30.1
Hash: 8d24559d8e6d7fab9640f9c61211350d
Requires: BiocGenerics, S4Vectors

Package: MASS
Source: CRAN
Version: 7.3-57
Hash: cc31d8bf712315c68566fa3722db7208

Package: Matrix
Source: CRAN
Version: 1.5-3
Hash: c3b304fb2082ce1179078813c107b165
Requires: lattice

Package: MatrixGenerics
Source: Bioconductor
Version: 1.8.1
Hash: f63aa0378e7970c28b8af4e7c8704260
Requires: matrixStats

Package: R.methodsS3
Source: CRAN
Version: 1.8.2
Hash: 3a58d8c2b2990638fb9752e4c409e8c1

Package: R.oo
Source: CRAN
Version: 1.25.0
Hash: 7041b6e288f06baec6120dd6185bebb5
Requires: R.methodsS3

Package: R.utils
Source: CRAN
Version: 2.12.2
Hash: 6bbfbbbce33f0a5b75f15b232a83e87c
Requires: R.methodsS3, R.oo

Package: R6
Source: CRAN
Version: 2.5.1
Hash: 54378e523d0281f8d38c379484a3b7b5

Package: RColorBrewer
Source: CRAN
Version: 1.1-3
Hash: c25e77c542c7cfa38c99c348677c62fc

Package: RCurl
Source: CRAN
Version: 1.98-1.9
Hash: b60faf843e910ae9a14b5176a9f6e077
Requires: bitops

Package: RSQLite
Source: CRAN
Version: 2.2.20
Hash: edc3d7d8721d4d4050da0b7f7a8a6e21
Requires: DBI, Rcpp, bit64, blob, memoise, pkgconfig, plogr

Package: Rcpp
Source: CRAN
Version: 1.0.9
Hash: b772bf0eecdcd073c533738e7d2c241b

Package: Rhdf5lib
Source: Bioconductor
Version: 1.18.2
Hash: 354e23f6aea3e2908319576d59db4775

Package: S4Vectors
Source: Bioconductor
Version: 0.34.0
Hash: 3e790c0d3cd32e8310dfe4c8197ffca1
Requires: BiocGenerics

Package: SingleCellExperiment
Source: Bioconductor
Version: 1.18.1
Hash: 2ba51812e4379457510de7c7f8522c90
Requires: BiocGenerics, DelayedArray, GenomicRanges, S4Vectors,
    SummarizedExperiment

Package: SpatialExperiment
Source: Bioconductor
Version: 1.6.1
Hash: 95cea47d861943c81320b4195220efef
Requires: BiocFileCache, BiocGenerics, DropletUtils, S4Vectors,
    SingleCellExperiment, SummarizedExperiment, magick, rjson

Package: SummarizedExperiment
Source: Bioconductor
Version: 1.26.1
Hash: 7c93c243bc001e24821346166a245884
Requires: Biobase, BiocGenerics, DelayedArray, GenomeInfoDb,
    GenomicRanges, IRanges, Matrix, MatrixGenerics, S4Vectors

Package: XVector
Source: Bioconductor
Version: 0.36.0
Hash: 7660e8e9c4389d96f9a12512f2cb1d68
Requires: BiocGenerics, IRanges, S4Vectors, zlibbioc

Package: anytime
Source: CRAN
Version: 0.3.9
Hash: ba1f0025bad17b10f3e06478e1af4e00
Requires: BH, Rcpp

Package: askpass
Source: CRAN
Version: 1.1
Hash: 6f6c430e3cd0dd7d48f447700f4d7e7f
Requires: sys

Package: assertthat
Source: CRAN
Version: 0.2.1
Hash: 622be49032fe50bd42e96aaef613e209

Package: base64enc
Source: CRAN
Version: 0.1-3
Hash: c590d29e555926af053055e23ee79efb

Package: beachmat
Source: Bioconductor
Version: 2.12.0
Hash: 6fdcf14279e5577c49e13a2efdf4730e
Requires: Rcpp, BiocGenerics, DelayedArray, Matrix

Package: bit
Source: CRAN
Version: 4.0.5
Hash: 0f83d3b9112f230be32eceee76d3143c

Package: bit64
Source: CRAN
Version: 4.0.5
Hash: f82a5f545b6ed024639c3b9358c5e19f
Requires: bit

Package: bitops
Source: CRAN
Version: 1.0-7
Hash: a1c58663065ce2dec2fb066c699e2e11

Package: blob
Source: CRAN
Version: 1.2.3
Hash: 1a3fe072eda0c329d735715cb8c3b5ad
Requires: rlang, vctrs

Package: bslib
Source: CRAN
Version: 0.4.2
Hash: fceaafdd4beb271bc47536f389e60e87
Requires: base64enc, cachem, jsonlite, memoise, mime, rlang, htmltools,
    jquerylib, sass

Package: cachem
Source: CRAN
Version: 1.0.6
Hash: e1d5d860b02caa2f56f038b3b8259160
Requires: rlang, fastmap

Package: circlize
Source: CRAN
Version: 0.4.15
Hash: bdf9b6ba36978752ee6c188f9474c23c
Requires: GlobalOptions, colorspace, shape

Package: cli
Source: CRAN
Version: 3.5.0
Hash: a4915d4ad5c837cff97f3709aa978095

Package: clue
Source: CRAN
Version: 0.3-61
Hash: dae2f29e59cf2869c1164fd314f45b36
Requires: cluster

Package: cluster
Source: CRAN
Version: 2.1.3
Hash: 94e7f2d7407a608840b01614309426e5

Package: codetools
Source: CRAN
Version: 0.2-18
Hash: 1225ba881d465058ec055509e1d58540

Package: colorspace
Source: CRAN
Version: 2.0-3
Hash: fa1063854efff0a00b5fad89e2f20f47

Package: colourpicker
Source: CRAN
Version: 1.1.1
Hash: a906f491be130f77b8c9b7ac4d4dc915
Requires: htmltools, jsonlite, ggplot2, htmlwidgets, miniUI, shiny,
    shinyjs

Package: commonmark
Source: CRAN
Version: 1.8.1
Hash: c59da55cb7c5ea6187c51cd1e7808150

Package: cpp11
Source: CRAN
Version: 0.4.3
Hash: b75fa359faa5b0b12fcaea3e2684cbed

Package: crayon
Source: CRAN
Version: 1.5.2
Hash: 7904f3b18063550691940a88a588807e

Package: crosstalk
Source: CRAN
Version: 1.2.0
Hash: 9b9d25563b74d97bf630c28db15695d0
Requires: R6, htmltools, jsonlite, lazyeval

Package: curl
Source: CRAN
Version: 4.3.3
Hash: 6b859e23fa2e0cb0e5038211b6d1d8c5

Package: dbplyr
Source: CRAN
Version: 2.2.1
Hash: 2429e535f10c7494f5ef452dc7b3ee78
Requires: DBI, assertthat, blob, cli, glue, lifecycle, rlang, vctrs,
    R6, dplyr, magrittr, pillar, purrr, tibble, tidyselect, withr

Package: digest
Source: CRAN
Version: 0.6.31
Hash: b1f88a7c77564970ba4246230894a20b

Package: doParallel
Source: CRAN
Version: 1.0.17
Hash: f9b073cead7aa822d1725f8212928610
Requires: foreach, iterators

Package: dplyr
Source: CRAN
Version: 1.0.10
Hash: 1b997565e7f2a3cb4459dd2d1d0a9885
Requires: R6, glue, lifecycle, rlang, vctrs, generics, magrittr,
    pillar, tibble, tidyselect

Package: dqrng
Source: CRAN
Version: 0.3.0
Hash: bef97dad6e7e8c660bca9f52848dc978
Requires: BH, Rcpp, sitmo

Package: edgeR
Source: Bioconductor
Version: 3.38.4
Hash: a646577316805e2b3b9a0d57a5aaec64
Requires: Rcpp, limma, locfit

Package: ellipsis
Source: CRAN
Version: 0.3.2
Hash: b21bfc48556c0c6a93fc9ede6c00cfaf
Requires: rlang

Package: evaluate
Source: CRAN
Version: 0.19
Hash: 458d05ab294d9faccca8f7f68f108611

Package: fansi
Source: CRAN
Version: 1.0.3
Hash: cfa9c28454eeca1e082fe045a8fe6440

Package: farver
Source: CRAN
Version: 2.1.1
Hash: a85360b64e558178d3017d7744895bf6

Package: fastmap
Source: CRAN
Version: 1.1.0
Hash: e4d212b14d40b91c791c0b9d3b6ffd99

Package: filelock
Source: CRAN
Version: 1.0.2
Hash: 97adcbe3b816f81113e84168d06746d8

Package: fontawesome
Source: CRAN
Version: 0.4.0
Hash: 745b40958d54067deec0a56c4a74c841
Requires: htmltools, rlang

Package: foreach
Source: CRAN
Version: 1.5.2
Hash: cf29f1bc15b3e7fa58d1d4f75b6ad268
Requires: codetools, iterators

Package: formatR
Source: CRAN
Version: 1.13
Hash: 1b0d6bac6b4db75b820410827e7547cd

Package: fs
Source: CRAN
Version: 1.5.2
Hash: ee8c2601709c5937c283cdcb2625fdd9

Package: futile.logger
Source: CRAN
Version: 1.4.3
Hash: d1cc6584b39f2c4cfbe377fd94cbdbaa
Requires: futile.options, lambda.r

Package: futile.options
Source: CRAN
Version: 1.0.1
Hash: c5a7e0ce07509a8561881c8860270d71

Package: generics
Source: CRAN
Version: 0.1.3
Hash: a6c0d980f278aa9014c38d0d12d87a69

Package: ggplot2
Source: CRAN
Version: 3.4.0
Hash: 8e883d1facb8cb5fb1f7f79d820be56e
Requires: cli, glue, lifecycle, rlang, tibble, vctrs, withr, MASS,
    gtable, isoband, mgcv, scales

Package: ggrepel
Source: CRAN
Version: 0.9.2
Hash: 7e71868efe89b8db06c94f1e1d9dab7d
Requires: Rcpp, ggplot2, rlang, scales

Package: glue
Source: CRAN
Version: 1.6.2
Hash: 830d10f9f46e05aadfe458d2d31849e7

Package: gtable
Source: CRAN
Version: 0.3.1
Hash: ba8cd6dc66191cd3e2964624e1a4146f

Package: highr
Source: CRAN
Version: 0.10
Hash: 9626903e1534b1b96636b0687f0af8e3
Requires: xfun

Package: htmltools
Source: CRAN
Version: 0.5.4
Hash: c517af43ad5d572ae0490e1abf98759c
Requires: base64enc, fastmap, rlang, digest, ellipsis

Package: htmlwidgets
Source: CRAN
Version: 1.6.0
Hash: 4252cdcdd47deda052fdc5da9f2db908
Requires: htmltools, jsonlite, knitr, rmarkdown, yaml

Package: httpuv
Source: CRAN
Version: 1.6.7
Hash: 72b837039586e2a3c70dc4cfa80ac2d5
Requires: R6, Rcpp, later, promises

Package: httr
Source: CRAN
Version: 1.4.4
Hash: b41c36b1ccc80b558893b518c86aa8e2
Requires: R6, curl, jsonlite, mime, openssl

Package: iSEE
Source: Bioconductor
Version: 2.8.0
Hash: 3c72330921e6a6c398620678ea00c9d7
Requires: BiocGenerics, ComplexHeatmap, DT, S4Vectors,
    SingleCellExperiment, SummarizedExperiment, circlize, colourpicker,
    ggplot2, ggrepel, igraph, mgcv, shiny, shinyjs, viridisLite,
    rintrojs, shinyAce, shinyWidgets, shinydashboard, vipor

Package: igraph
Source: CRAN
Version: 1.3.4
Hash: 9da578d44a7d41a6100c3011888814fe
Requires: Matrix, magrittr, pkgconfig, rlang

Package: isoband
Source: CRAN
Version: 0.2.7
Hash: 991ca6dadd8b3a866a616484b1d04d32

Package: iterators
Source: CRAN
Version: 1.0.14
Hash: 8b1b4929893f3510c82824d8438245b5

Package: jquerylib
Source: CRAN
Version: 0.1.4
Hash: 338eb4374296b76bdee1e463c810113d
Requires: htmltools

Package: jsonlite
Source: CRAN
Version: 1.8.4
Hash: c29106be1bd5c4a9dbe3b00858e0d054

Package: knitr
Source: CRAN
Version: 1.41
Hash: 4c158bdb85721d34012b065687025606
Requires: evaluate, highr, stringr, xfun, yaml

Package: labeling
Source: CRAN
Version: 0.4.2
Hash: 7474c78957f4e01d1dd4c04217eab244

Package: lambda.r
Source: CRAN
Version: 1.2.4
Hash: ee5a211007a3e55caafe1b90ab4b5093
Requires: formatR

Package: later
Source: CRAN
Version: 1.3.0
Hash: e400d7acc98d75885d145c68dcdbadb2
Requires: Rcpp, rlang

Package: lattice
Source: CRAN
Version: 0.20-45
Hash: 1b774d23a2b1b4a2f756ba52529f8c14

Package: lazyeval
Source: CRAN
Version: 0.2.2
Hash: 563563691bea3cde6945a98996d7c166

Package: lifecycle
Source: CRAN
Version: 1.0.3
Hash: 4a4f777d6c5faae89b4b73c13a5ceebd
Requires: cli, glue, rlang

Package: limma
Source: Bioconductor
Version: 3.52.4
Hash: fd74862d4469ac37efe5ba15646afb86

Package: locfit
Source: CRAN
Version: 1.5-9.7
Hash: cb6ec1fda5c14da52e338364d0adaf0b
Requires: lattice

Package: magick
Source: CRAN
Version: 2.7.3
Hash: 813a39c8b190240b2e560c429f35e185
Requires: Rcpp, curl, magrittr

Package: magrittr
Source: CRAN
Version: 2.0.3
Hash: b323532bfd2fe948d0eb19afa866cb12

Package: matrixStats
Source: CRAN
Version: 0.63.0
Hash: 2932a2e522ec33d5954577557efb6c92

Package: memoise
Source: CRAN
Version: 2.0.1
Hash: fa0687ee20196d8aa4e2d724cb0f7199
Requires: rlang, cachem

Package: mgcv
Source: CRAN
Version: 1.8-40
Hash: 81df2f7ebdd36f0253d93f35600a5993
Requires: Matrix, nlme

Package: mime
Source: CRAN
Version: 0.12
Hash: 98a37137be334916af8af26354bb37e9

Package: miniUI
Source: CRAN
Version: 0.1.1.1
Hash: c7e3ea486421c2fa5b03bb7fcd0415f6
Requires: htmltools, shiny

Package: munsell
Source: CRAN
Version: 0.5.0
Hash: 38d0efee9bb99bef143bde41c4ce715c
Requires: colorspace

Package: nlme
Source: CRAN
Version: 3.1-157
Hash: d20ef76d6ff46b91ac5a940a6811f761
Requires: lattice

Package: openssl
Source: CRAN
Version: 2.0.5
Hash: d161b1da1ec8b54285aaf071849ed128
Requires: askpass

Package: paletteer
Source: CRAN
Version: 1.5.0
Hash: 344d059fae38c1c888448b1e7206aa19
Requires: rlang, prismatic, rematch2, rstudioapi

Package: pillar
Source: CRAN
Version: 1.8.1
Hash: 8c6910fedb8ed7cd880db123e6acf066
Requires: cli, glue, lifecycle, rlang, vctrs, fansi, utf8

Package: pkgconfig
Source: CRAN
Version: 2.0.3
Hash: 5ff5f2361851a49534c96caa2a8071c7

Package: plogr
Source: CRAN
Version: 0.2.0
Hash: 81a8008a5e7858552503935f1abe48aa

Package: png
Source: CRAN
Version: 0.1-8
Hash: 28683833f8fb1df2d15a729e416ab346

Package: prismatic
Source: CRAN
Version: 1.1.1
Hash: 522483bbb3f3fc708fd4a6e05c464ab4
Requires: farver

Package: promises
Source: CRAN
Version: 1.2.0.1
Hash: 6300096113a47534d86021ee4443a50a
Requires: R6, Rcpp, later, magrittr, rlang

Package: purrr
Source: CRAN
Version: 1.0.0
Hash: 8d75f8e212442a77847e6562be5cd615
Requires: cli, lifecycle, magrittr, rlang, vctrs

Package: ragg
Source: CRAN
Version: 1.2.2
Hash: 5eaf2a830be11522f4c17853296f6724
Requires: systemfonts, textshaping

Package: rappdirs
Source: CRAN
Version: 0.3.3
Hash: fd602edfd7dbf365642e35dd9cc97958

Package: rematch2
Source: CRAN
Version: 2.1.2
Hash: b6823f74d6525d39d153620d21e206df
Requires: tibble

Package: rhdf5
Source: Bioconductor
Version: 2.40.0
Hash: 64591c59bc55236bd90700736490e8b0
Requires: Rhdf5lib, rhdf5filters

Package: rhdf5filters
Source: Bioconductor
Version: 1.8.0
Hash: 16d89b762b0bef024cfaa1bf75480523
Requires: Rhdf5lib

Package: rintrojs
Source: CRAN
Version: 0.3.2
Hash: c3e432238a842a5a8adfab407c0bc435
Requires: jsonlite, shiny

Package: rjson
Source: CRAN
Version: 0.2.21
Hash: 329cea093af78e8e7b60e3d285e90e69

Package: rlang
Source: CRAN
Version: 1.0.6
Hash: 1333b0d296f816fdae193bdfdb094223

Package: rmarkdown
Source: CRAN
Version: 2.19
Hash: 6725379db10af954e58e7f4fe923957e
Requires: bslib, evaluate, htmltools, jquerylib, jsonlite, knitr,
    stringr, xfun, yaml, tinytex

Package: rstudioapi
Source: CRAN
Version: 0.14
Hash: a4049937fbdde61e65fd0eccdbd182d7

Package: sass
Source: CRAN
Version: 0.4.4
Hash: 43df4d7b4fdbf4605b8cc98eb2b6d514
Requires: R6, htmltools, rappdirs, rlang, fs

Package: scales
Source: CRAN
Version: 1.2.1
Hash: eea90021e97de48211d4d46d103d3718
Requires: R6, lifecycle, rlang, RColorBrewer, farver, labeling,
    munsell, viridisLite

Package: scuttle
Source: Bioconductor
Version: 1.6.3
Hash: c6498f85440570b9b1b2a7bea5b3f586
Requires: BiocGenerics, BiocParallel, DelayedArray, DelayedMatrixStats,
    GenomicRanges, Matrix, Rcpp, S4Vectors, SingleCellExperiment,
    SummarizedExperiment, beachmat

Package: shape
Source: CRAN
Version: 1.4.6
Hash: 02b476df77a9864473a839f277192ee3

Package: shiny
Source: CRAN
Version: 1.7.4
Hash: 01d2c9901af41a62d13c928733ee7ad1
Requires: R6, bslib, cachem, ellipsis, fastmap, glue, htmltools,
    jsonlite, lifecycle, mime, rlang, withr, commonmark, crayon,
    fontawesome, httpuv, later, promises, sourcetools, xtable

Package: shinyAce
Source: CRAN
Version: 0.4.2
Hash: 4d50aa3e9990f6a9d3f6bd4b2a53584c
Requires: jsonlite, shiny

Package: shinyWidgets
Source: CRAN
Version: 0.7.5
Hash: 134220018cbc8260b3491896dc43af18
Requires: anytime, bslib, htmltools, jsonlite, rlang, sass, shiny

Package: shinydashboard
Source: CRAN
Version: 0.7.2
Hash: 44c9cfd9cefc93032e9e37486b5f3d0c
Requires: htmltools, promises, shiny

Package: shinyjs
Source: CRAN
Version: 2.1.0
Hash: 8eae09636679a8a15764218f77abd73d
Requires: digest, jsonlite, shiny

Package: sitmo
Source: CRAN
Version: 2.0.2
Hash: cc47fa4688bf9b322af2ebefb0a9b4e9
Requires: Rcpp

Package: snow
Source: CRAN
Version: 0.4-4
Hash: 72779f4e6833770018917164f265f8ae

Package: sourcetools
Source: CRAN
Version: 0.1.7
Hash: d093478ac90064e670cd4bf1a99b47b6

Package: sparseMatrixStats
Source: Bioconductor
Version: 1.8.0
Hash: b81322081567d55e27baaf4fccc0eeb8
Requires: Matrix, MatrixGenerics, Rcpp, matrixStats

Package: stringi
Source: CRAN
Version: 1.7.8
Hash: bb07248d1e4497a0e5d2ff621544bb08

Package: stringr
Source: CRAN
Version: 1.5.0
Hash: c88aa5331cbdf85895169bfb0c6bd15d
Requires: cli, glue, lifecycle, magrittr, rlang, vctrs, stringi

Package: sys
Source: CRAN
Version: 3.4.1
Hash: 21b50a2d1de81aef7cff670d63572dc7

Package: systemfonts
Source: CRAN
Version: 1.0.4
Hash: 8ed6f44d502e78017ef1406546d262a4
Requires: cpp11

Package: textshaping
Source: CRAN
Version: 0.3.6
Hash: 382dbd2cbb1a75cc1293cab69c59c280
Requires: cpp11, systemfonts

Package: tibble
Source: CRAN
Version: 3.1.8
Hash: 09424424f61003d93b7554d8575949cb
Requires: fansi, lifecycle, magrittr, pillar, pkgconfig, rlang, vctrs

Package: tidyselect
Source: CRAN
Version: 1.2.0
Hash: a8024839f4e6ad6f05fef2bf4ba21fc5
Requires: cli, glue, lifecycle, rlang, vctrs, withr

Package: tinytex
Source: CRAN
Version: 0.43
Hash: c0829dc7f9aa62d0d2a3161731e113e1
Requires: xfun

Package: utf8
Source: CRAN
Version: 1.2.2
Hash: ae77ea6ebb503eaa6ee3b7ca80ea4f1b

Package: vctrs
Source: CRAN
Version: 0.5.1
Hash: 12aec038401b7f194f6de6d6ad1cd255
Requires: rlang, cli, glue, lifecycle

Package: vipor
Source: CRAN
Version: 0.4.5
Hash: 70876a39abff4ef560c2e1c95293de90

Package: viridisLite
Source: CRAN
Version: 0.4.1
Hash: a8ef7767189c332f83760934937709ab

Package: withr
Source: CRAN
Version: 2.5.0
Hash: 29582655324ddde71118021f0b1b93aa

Package: xfun
Source: CRAN
Version: 0.36
Hash: 4549833b650aff52e7f1ebeb01daf017

Package: xtable
Source: CRAN
Version: 1.8-4
Hash: dc0d47261b678d26032363bebd050540

Package: yaml
Source: CRAN
Version: 2.3.6
Hash: 764771e5b8e9e7efbf8fa52f50bf3b84

Package: zlibbioc
Source: Bioconductor
Version: 1.42.0
Hash: 352b7155cc5adb852c1b496bc0a455ac
