PackratFormat: 1.4
PackratVersion: 0.8.1
RVersion: 4.2.1
Repos: BioCsoft=https://bioconductor.org/packages/3.15/bioc,
    BioCann=https://bioconductor.org/packages/3.15/data/annotation,
    BioCexp=https://bioconductor.org/packages/3.15/data/experiment,
    BioCworkflows=https://bioconductor.org/packages/3.15/workflows,
    BioCbooks=https://bioconductor.org/packages/3.15/books,
    CRAN=https://cran.rstudio.com/

Package: AnnotationDbi
Source: Bioconductor
Version: 1.58.0
Hash: 577893164f2cd9e8ac94c6f2f3f0af12
Requires: Biobase, BiocGenerics, DBI, IRanges, KEGGREST, RSQLite,
    S4Vectors

Package: AnnotationHub
Source: Bioconductor
Version: 3.4.0
Hash: 756f6a774b957c0fb68f3a96e7d07123
Requires: AnnotationDbi, BiocGenerics, RSQLite, S4Vectors, curl, httr,
    BiocFileCache, BiocManager, BiocVersion, dplyr,
    interactiveDisplayBase, rappdirs, yaml

Package: BH
Source: CRAN
Version: 1.78.0-0
Hash: 5e343da4566e201efba8ad6960391542

Package: Biobase
Source: Bioconductor
Version: 2.56.0
Hash: 070799c72f3cd8efb475f4b7835252f3
Requires: BiocGenerics

Package: BiocFileCache
Source: Bioconductor
Version: 2.4.0
Hash: 8a1811de37ce480863fcebadbf78bd11
Requires: DBI, RSQLite, curl, httr, dbplyr, dplyr, filelock, rappdirs

Package: BiocGenerics
Source: Bioconductor
Version: 0.42.0
Hash: 2b0e30fcb72b949f3efb8276edfe4d85

Package: BiocIO
Source: Bioconductor
Version: 1.6.0
Hash: bdd5c86352665bcf3c84c4a66f7d4573
Requires: BiocGenerics, S4Vectors

Package: BiocManager
Source: CRAN
Version: 1.30.18
Hash: 7c01bd0428fcab31ea7cfcd93e5906cf

Package: BiocNeighbors
Source: Bioconductor
Version: 1.14.0
Hash: 315e80a61420c0a97faf7bb7eb2beaec
Requires: Matrix, Rcpp, S4Vectors, BiocParallel, RcppHNSW

Package: BiocParallel
Source: Bioconductor
Version: 1.30.3
Hash: 9b24f9b63fd7e52ba89cc7f2657ab73b
Requires: BH, codetools, futile.logger, snow

Package: BiocSingular
Source: Bioconductor
Version: 1.12.0
Hash: 7007b64f3a330894fa6baaeb1aad1352
Requires: BiocGenerics, BiocParallel, DelayedArray, Matrix, Rcpp,
    S4Vectors, beachmat, ScaledMatrix, irlba, rsvd

Package: BiocVersion
Source: Bioconductor
Version: 3.15.2
Hash: ad036134201d1b4dfe53e0808e02a8e7

Package: Biostrings
Source: Bioconductor
Version: 2.64.1
Hash: aa8d994b8f1b55c2c2f5a89be6b0cef9
Requires: BiocGenerics, IRanges, S4Vectors, GenomeInfoDb, XVector,
    crayon

Package: DBI
Source: CRAN
Version: 1.1.3
Hash: 7dcd002c792e29900d0189d8678fea64

Package: DT
Source: CRAN
Version: 0.25
Hash: daa5ceb4cc484e0d994c091639becc8a
Requires: jsonlite, magrittr, crosstalk, htmltools, htmlwidgets,
    jquerylib, promises

Package: DelayedArray
Source: Bioconductor
Version: 0.22.0
Hash: c8c4a49181f6bfde1ad383aa4fc4498c
Requires: BiocGenerics, IRanges, S4Vectors, Matrix, MatrixGenerics

Package: DelayedMatrixStats
Source: Bioconductor
Version: 1.18.1
Hash: db87da3354eff8b4c48afbd1597a492d
Requires: DelayedArray, IRanges, Matrix, MatrixGenerics, S4Vectors,
    matrixStats, sparseMatrixStats

Package: DropletUtils
Source: Bioconductor
Version: 1.16.0
Hash: e6d3e226c21d356753ae7ad2697d4cd5
Requires: BH, BiocGenerics, BiocParallel, DelayedArray,
    DelayedMatrixStats, IRanges, Matrix, Rcpp, S4Vectors, beachmat,
    dqrng, GenomicRanges, HDF5Array, R.utils, Rhdf5lib,
    SingleCellExperiment, SummarizedExperiment, edgeR, rhdf5, scuttle

Package: ExperimentHub
Source: Bioconductor
Version: 2.4.0
Hash: 5423ac4f6047d0d026376ef979f60d46
Requires: AnnotationHub, BiocFileCache, BiocGenerics, BiocManager,
    S4Vectors, curl, rappdirs

Package: GenomeInfoDb
Source: Bioconductor
Version: 1.32.4
Hash: a50c12136df640b391121968f7eb56de
Requires: BiocGenerics, IRanges, S4Vectors, GenomeInfoDbData, RCurl

Package: GenomeInfoDbData
Source: Bioconductor
Version: 1.2.8
Hash: 814df0a6424cd8bd3b8cf17bff596638

Package: GenomicAlignments
Source: Bioconductor
Version: 1.32.1
Hash: 547b6d42bdc7b6cc2cfbe361536362ca
Requires: BiocGenerics, BiocParallel, Biostrings, GenomeInfoDb,
    GenomicRanges, IRanges, S4Vectors, SummarizedExperiment, Rsamtools

Package: GenomicRanges
Source: Bioconductor
Version: 1.48.0
Hash: 66e40018c59fe2d911abd55ba2585264
Requires: BiocGenerics, GenomeInfoDb, IRanges, S4Vectors, XVector

Package: HDF5Array
Source: Bioconductor
Version: 1.24.2
Hash: be5b4d39f26ef6b3daa7daf1af6195c6
Requires: BiocGenerics, DelayedArray, IRanges, Matrix, S4Vectors,
    Rhdf5lib, rhdf5, rhdf5filters

Package: IRanges
Source: Bioconductor
Version: 2.30.1
Hash: 8d24559d8e6d7fab9640f9c61211350d
Requires: BiocGenerics, S4Vectors

Package: KEGGREST
Source: Bioconductor
Version: 1.36.3
Hash: 9a4a0f792eeb4f271ffd5626ac322622
Requires: Biostrings, httr, png

Package: MASS
Source: CRAN
Version: 7.3-58.1
Hash: bad31904dbfed0a3b68507c81b42d908

Package: Matrix
Source: CRAN
Version: 1.5-1
Hash: 8c72eb13ff7da8f2b80d585637e584e0
Requires: lattice

Package: MatrixGenerics
Source: Bioconductor
Version: 1.8.1
Hash: f63aa0378e7970c28b8af4e7c8704260
Requires: matrixStats

Package: R.methodsS3
Source: CRAN
Version: 1.8.2
Hash: 3a58d8c2b2990638fb9752e4c409e8c1

Package: R.oo
Source: CRAN
Version: 1.25.0
Hash: 7041b6e288f06baec6120dd6185bebb5
Requires: R.methodsS3

Package: R.utils
Source: CRAN
Version: 2.12.0
Hash: 1cdf0e90bb7b77cb3796957b57d2c20b
Requires: R.methodsS3, R.oo

Package: R6
Source: CRAN
Version: 2.5.1
Hash: 54378e523d0281f8d38c379484a3b7b5

Package: RColorBrewer
Source: CRAN
Version: 1.1-3
Hash: c25e77c542c7cfa38c99c348677c62fc

Package: RCurl
Source: CRAN
Version: 1.98-1.9
Hash: b60faf843e910ae9a14b5176a9f6e077
Requires: bitops

Package: RSQLite
Source: CRAN
Version: 2.2.17
Hash: 694108c9d95ddb865567c1525df6ffdd
Requires: DBI, Rcpp, bit64, blob, memoise, pkgconfig, plogr

Package: Rcpp
Source: CRAN
Version: 1.0.9
Hash: b772bf0eecdcd073c533738e7d2c241b

Package: RcppEigen
Source: CRAN
Version: 0.3.3.9.2
Hash: e2516db9e6bf71415639161ef201f51a
Requires: Matrix, Rcpp

Package: RcppHNSW
Source: CRAN
Version: 0.4.1
Hash: 91d30263b8210ad1045c35a948c8401b
Requires: Rcpp

Package: RcppML
Source: CRAN
Version: 0.3.7
Hash: c44d4f6ffd1fa1e7027f6938afd314f2
Requires: Matrix, Rcpp, RcppEigen

Package: Rhdf5lib
Source: Bioconductor
Version: 1.18.2
Hash: 354e23f6aea3e2908319576d59db4775

Package: Rhtslib
Source: Bioconductor
Version: 1.28.0
Hash: 3eabc42853508e4f811a3152a3d6163c
Requires: zlibbioc

Package: Rsamtools
Source: Bioconductor
Version: 2.12.0
Hash: 42ea45a8f8cd7d392e489985a5274974
Requires: BiocGenerics, BiocParallel, Biostrings, GenomeInfoDb,
    GenomicRanges, IRanges, S4Vectors, XVector, bitops, zlibbioc,
    Rhtslib

Package: Rtsne
Source: CRAN
Version: 0.16
Hash: 7ab2a25a1a7e3449681f0a613cc7ab9c
Requires: Rcpp

Package: S4Vectors
Source: Bioconductor
Version: 0.34.0
Hash: 3e790c0d3cd32e8310dfe4c8197ffca1
Requires: BiocGenerics

Package: ScaledMatrix
Source: Bioconductor
Version: 1.4.1
Hash: e264b7b249fc5e0e2b802a131f750a99
Requires: DelayedArray, Matrix, S4Vectors

Package: SingleCellExperiment
Source: Bioconductor
Version: 1.18.1
Hash: 2ba51812e4379457510de7c7f8522c90
Requires: BiocGenerics, DelayedArray, GenomicRanges, S4Vectors,
    SummarizedExperiment

Package: SpatialExperiment
Source: Bioconductor
Version: 1.6.1
Hash: 95cea47d861943c81320b4195220efef
Requires: BiocFileCache, BiocGenerics, DropletUtils, S4Vectors,
    SingleCellExperiment, SummarizedExperiment, magick, rjson

Package: SummarizedExperiment
Source: Bioconductor
Version: 1.26.1
Hash: 7c93c243bc001e24821346166a245884
Requires: Biobase, BiocGenerics, DelayedArray, GenomeInfoDb,
    GenomicRanges, IRanges, Matrix, MatrixGenerics, S4Vectors

Package: XML
Source: CRAN
Version: 3.99-0.11
Hash: 34f869eeeb67999bc9a03407eed2372d

Package: XVector
Source: Bioconductor
Version: 0.36.0
Hash: 7660e8e9c4389d96f9a12512f2cb1d68
Requires: BiocGenerics, IRanges, S4Vectors, zlibbioc

Package: anytime
Source: CRAN
Version: 0.3.9
Hash: ba1f0025bad17b10f3e06478e1af4e00
Requires: Rcpp, BH

Package: askpass
Source: CRAN
Version: 1.1
Hash: 6f6c430e3cd0dd7d48f447700f4d7e7f
Requires: sys

Package: assertthat
Source: CRAN
Version: 0.2.1
Hash: 622be49032fe50bd42e96aaef613e209

Package: attempt
Source: CRAN
Version: 0.3.1
Hash: fc356e93cf7d37a15f935003228d49ad
Requires: rlang

Package: base64enc
Source: CRAN
Version: 0.1-3
Hash: c590d29e555926af053055e23ee79efb

Package: beachmat
Source: Bioconductor
Version: 2.12.0
Hash: 6fdcf14279e5577c49e13a2efdf4730e
Requires: BiocGenerics, Rcpp, DelayedArray, Matrix

Package: beeswarm
Source: CRAN
Version: 0.4.0
Hash: e7c2d94cd6a03481db0c80643f8457a3

Package: benchmarkme
Source: CRAN
Version: 1.0.8
Hash: f0c14eb6126eae446439a82544d4b89a
Requires: Matrix, dplyr, httr, tibble, benchmarkmeData, doParallel,
    foreach, stringr

Package: benchmarkmeData
Source: CRAN
Version: 1.0.4
Hash: a72fa5d0255ae3a1de5cb680eb6eacb6
Requires: dplyr, tibble

Package: bit
Source: CRAN
Version: 4.0.4
Hash: 75dd3abfa313c948b007aef6dedd3c87

Package: bit64
Source: CRAN
Version: 4.0.5
Hash: f82a5f545b6ed024639c3b9358c5e19f
Requires: bit

Package: bitops
Source: CRAN
Version: 1.0-7
Hash: a1c58663065ce2dec2fb066c699e2e11

Package: blob
Source: CRAN
Version: 1.2.3
Hash: 1a3fe072eda0c329d735715cb8c3b5ad
Requires: rlang, vctrs

Package: brew
Source: CRAN
Version: 1.0-8
Hash: 92d9122b8651c8b8fa2b0625a52ca76b

Package: bslib
Source: CRAN
Version: 0.4.0
Hash: 91925af6f76f8d5669d067d615a97c38
Requires: cachem, htmltools, jquerylib, jsonlite, memoise, rlang, sass

Package: cachem
Source: CRAN
Version: 1.0.6
Hash: e1d5d860b02caa2f56f038b3b8259160
Requires: rlang, fastmap

Package: cli
Source: CRAN
Version: 3.4.1
Hash: f3a33f9b11d75b06ecf3aac0d438a539

Package: clipr
Source: CRAN
Version: 0.8.0
Hash: f8ae5e8ad6b3e416249379deec7e9c6f

Package: codetools
Source: CRAN
Version: 0.2-18
Hash: 1225ba881d465058ec055509e1d58540

Package: colorspace
Source: CRAN
Version: 2.0-3
Hash: fa1063854efff0a00b5fad89e2f20f47

Package: commonmark
Source: CRAN
Version: 1.8.0
Hash: 53fe90d17c46c6919b0f37e2e882975b

Package: config
Source: CRAN
Version: 0.3.1
Hash: 771e14360e686e2bb75e4a25e1f95cea
Requires: yaml

Package: cowplot
Source: CRAN
Version: 1.1.1
Hash: 1dfaf13847047d361ca03105b45833a2
Requires: rlang, ggplot2, gtable, scales

Package: cpp11
Source: CRAN
Version: 0.4.2
Hash: fb849cc15463edbe2435b0ef5d110294

Package: crayon
Source: CRAN
Version: 1.5.2
Hash: 7904f3b18063550691940a88a588807e

Package: credentials
Source: CRAN
Version: 1.3.2
Hash: 5b1cfc28dd5c7631e1cdffa09f79b237
Requires: askpass, curl, jsonlite, openssl, sys

Package: crosstalk
Source: CRAN
Version: 1.2.0
Hash: 9b9d25563b74d97bf630c28db15695d0
Requires: R6, jsonlite, htmltools, lazyeval

Package: curl
Source: CRAN
Version: 4.3.2
Hash: d86657acb12374a8e24ed4568ed63359

Package: data.table
Source: CRAN
Version: 1.14.2
Hash: 6e09e74cc9e29021c9e95fe7ed38dc68

Package: dbplyr
Source: CRAN
Version: 2.2.1
Hash: 2429e535f10c7494f5ef452dc7b3ee78
Requires: DBI, R6, blob, cli, glue, rlang, vctrs, assertthat, dplyr,
    lifecycle, magrittr, pillar, purrr, tibble, tidyselect, withr

Package: desc
Source: CRAN
Version: 1.4.2
Hash: 35b3c07d01624778191b58f107ae2e5c
Requires: R6, cli, rprojroot

Package: digest
Source: CRAN
Version: 0.6.29
Hash: 071cc93357d7c2a5812d5cf348ce3272

Package: doParallel
Source: CRAN
Version: 1.0.17
Hash: f9b073cead7aa822d1725f8212928610
Requires: foreach, iterators

Package: dotCall64
Source: CRAN
Version: 1.0-2
Hash: d93871f27e1cf1f73ede1ced812b1bbd

Package: dplyr
Source: CRAN
Version: 1.0.10
Hash: 1b997565e7f2a3cb4459dd2d1d0a9885
Requires: R6, glue, rlang, vctrs, generics, lifecycle, magrittr,
    pillar, tibble, tidyselect

Package: dqrng
Source: CRAN
Version: 0.3.0
Hash: bef97dad6e7e8c660bca9f52848dc978
Requires: BH, Rcpp, sitmo

Package: edgeR
Source: Bioconductor
Version: 3.38.4
Hash: a646577316805e2b3b9a0d57a5aaec64
Requires: Rcpp, limma, locfit

Package: ellipsis
Source: CRAN
Version: 0.3.2
Hash: b21bfc48556c0c6a93fc9ede6c00cfaf
Requires: rlang

Package: evaluate
Source: CRAN
Version: 0.16
Hash: 2baa89aa0132f784c79dfb8cb48447bc

Package: fansi
Source: CRAN
Version: 1.0.3
Hash: cfa9c28454eeca1e082fe045a8fe6440

Package: farver
Source: CRAN
Version: 2.1.1
Hash: a85360b64e558178d3017d7744895bf6

Package: fastmap
Source: CRAN
Version: 1.1.0
Hash: e4d212b14d40b91c791c0b9d3b6ffd99

Package: fields
Source: CRAN
Version: 14.1
Hash: 1cb0837417503df1932300d33d84c71d
Requires: maps, spam, viridis

Package: filelock
Source: CRAN
Version: 1.0.2
Hash: 97adcbe3b816f81113e84168d06746d8

Package: fontawesome
Source: CRAN
Version: 0.3.0
Hash: ca5888c2f02c26897ea39a3bfa7a24cf
Requires: htmltools, rlang

Package: foreach
Source: CRAN
Version: 1.5.2
Hash: cf29f1bc15b3e7fa58d1d4f75b6ad268
Requires: codetools, iterators

Package: formatR
Source: CRAN
Version: 1.12
Hash: 83c0717b40224042188a8d259e764f9c

Package: fs
Source: CRAN
Version: 1.5.2
Hash: ee8c2601709c5937c283cdcb2625fdd9

Package: futile.logger
Source: CRAN
Version: 1.4.3
Hash: d1cc6584b39f2c4cfbe377fd94cbdbaa
Requires: futile.options, lambda.r

Package: futile.options
Source: CRAN
Version: 1.0.1
Hash: c5a7e0ce07509a8561881c8860270d71

Package: generics
Source: CRAN
Version: 0.1.3
Hash: a6c0d980f278aa9014c38d0d12d87a69

Package: gert
Source: CRAN
Version: 1.9.0
Hash: 207ab109450121726e341862c5170480
Requires: askpass, credentials, openssl, sys, rstudioapi, zip

Package: ggbeeswarm
Source: CRAN
Version: 0.6.0
Hash: 9c9a2fe45ce22333ea92290669c10a32
Requires: beeswarm, ggplot2, vipor

Package: ggplot2
Source: CRAN
Version: 3.3.6
Hash: 74a26a3a6d317be101b0c2574479ad4f
Requires: digest, glue, rlang, tibble, withr, MASS, gtable, isoband,
    mgcv, scales

Package: ggrepel
Source: CRAN
Version: 0.9.1
Hash: 10238e1c03f85f0d94e0518531c0f809
Requires: Rcpp, ggplot2, rlang, scales

Package: gh
Source: CRAN
Version: 1.3.1
Hash: 1de50a4e2f42a25b45f302a353f2bd48
Requires: cli, httr, jsonlite, gitcreds, ini

Package: gitcreds
Source: CRAN
Version: 0.1.2
Hash: 80f02e00799f5a27e585bd172b8207af

Package: glue
Source: CRAN
Version: 1.6.2
Hash: 830d10f9f46e05aadfe458d2d31849e7

Package: golem
Source: CRAN
Version: 0.3.4
Hash: d5cb0514088990c3308b724fa63d3e3f
Requires: attempt, cli, config, crayon, desc, fs, htmltools,
    rstudioapi, shiny, yaml, here, pkgload, roxygen2, usethis

Package: gridExtra
Source: CRAN
Version: 2.3
Hash: fa977bc1aab5588a08123b10ceb1ad3d
Requires: gtable

Package: gtable
Source: CRAN
Version: 0.3.1
Hash: ba8cd6dc66191cd3e2964624e1a4146f

Package: here
Source: CRAN
Version: 1.0.1
Hash: 606352b60a7cb2da5bcd4ed1c8753a81
Requires: rprojroot

Package: highr
Source: CRAN
Version: 0.9
Hash: 375daf47b5970a62560496bb8c6b996e
Requires: xfun

Package: htmltools
Source: CRAN
Version: 0.5.3
Hash: 4515f29ee2fde0ba82e76a1f67f49e3a
Requires: fastmap, rlang, base64enc, digest

Package: htmlwidgets
Source: CRAN
Version: 1.5.4
Hash: 63ef3b783eb7653d212a0f3f22a5f98d
Requires: htmltools, jsonlite, yaml

Package: httpuv
Source: CRAN
Version: 1.6.6
Hash: fc2599a17d22b3c8194b2b0c48b84ec5
Requires: R6, Rcpp, later, promises

Package: httr
Source: CRAN
Version: 1.4.4
Hash: b41c36b1ccc80b558893b518c86aa8e2
Requires: R6, curl, jsonlite, mime, openssl

Package: ini
Source: CRAN
Version: 0.3.1
Hash: 9d6de5178c1cedabfb24e7d2acc9a092

Package: interactiveDisplayBase
Source: Bioconductor
Version: 1.34.0
Hash: f9048c6f061b2488dc97fe091f7a3ce4
Requires: BiocGenerics, DT, shiny

Package: irlba
Source: CRAN
Version: 2.3.5.1
Hash: 9b43541d6634a76ae373cdf67e6245a1
Requires: Matrix

Package: isoband
Source: CRAN
Version: 0.2.5
Hash: 15170dedd197ee88139ce1845ecce097

Package: iterators
Source: CRAN
Version: 1.0.14
Hash: 8b1b4929893f3510c82824d8438245b5

Package: jquerylib
Source: CRAN
Version: 0.1.4
Hash: 338eb4374296b76bdee1e463c810113d
Requires: htmltools

Package: jsonlite
Source: CRAN
Version: 1.8.2
Hash: 335a31bcb11c326e66252c198ffd86af

Package: knitr
Source: CRAN
Version: 1.40
Hash: 48a11444b7982cc6eb64c6be2bd25eae
Requires: evaluate, stringr, yaml, highr, xfun

Package: labeling
Source: CRAN
Version: 0.4.2
Hash: 7474c78957f4e01d1dd4c04217eab244

Package: lambda.r
Source: CRAN
Version: 1.2.4
Hash: ee5a211007a3e55caafe1b90ab4b5093
Requires: formatR

Package: later
Source: CRAN
Version: 1.3.0
Hash: e400d7acc98d75885d145c68dcdbadb2
Requires: Rcpp, rlang

Package: lattice
Source: CRAN
Version: 0.20-45
Hash: 1b774d23a2b1b4a2f756ba52529f8c14

Package: lazyeval
Source: CRAN
Version: 0.2.2
Hash: 563563691bea3cde6945a98996d7c166

Package: lifecycle
Source: CRAN
Version: 1.0.2
Hash: 821974dc4b09d019004f641c490c4ff5
Requires: glue, rlang

Package: limma
Source: Bioconductor
Version: 3.52.4
Hash: fd74862d4469ac37efe5ba15646afb86

Package: locfit
Source: CRAN
Version: 1.5-9.6
Hash: 882047238c7c5b675e90e05a0b0c741d
Requires: lattice

Package: magick
Source: CRAN
Version: 2.7.3
Hash: 813a39c8b190240b2e560c429f35e185
Requires: Rcpp, curl, magrittr

Package: magrittr
Source: CRAN
Version: 2.0.3
Hash: b323532bfd2fe948d0eb19afa866cb12

Package: maps
Source: CRAN
Version: 3.4.0
Hash: 28fb4bf9586d94a77c305f16cc19a47d

Package: markdown
Source: CRAN
Version: 1.1
Hash: 1b6a18fd395589425e338a47b999099f
Requires: mime, xfun

Package: matrixStats
Source: CRAN
Version: 0.62.0
Hash: 4f51b673403fd0a9d23af6dcb3bc263a

Package: memoise
Source: CRAN
Version: 2.0.1
Hash: fa0687ee20196d8aa4e2d724cb0f7199
Requires: rlang, cachem

Package: mgcv
Source: CRAN
Version: 1.8-40
Hash: 81df2f7ebdd36f0253d93f35600a5993
Requires: Matrix, nlme

Package: mime
Source: CRAN
Version: 0.12
Hash: 98a37137be334916af8af26354bb37e9

Package: munsell
Source: CRAN
Version: 0.5.0
Hash: 38d0efee9bb99bef143bde41c4ce715c
Requires: colorspace

Package: nlme
Source: CRAN
Version: 3.1-159
Hash: 2e55b321b879fd67cf7c6b9227192e2e
Requires: lattice

Package: openssl
Source: CRAN
Version: 2.0.3
Hash: 6475dd407037a1dc43c8cce64b2ba133
Requires: askpass

Package: paletteer
Source: CRAN
Version: 1.4.1
Hash: 1dae41bfe274a8d91f0dc3b4d5d70e66
Requires: rlang, rstudioapi, prismatic, rematch2

Package: pillar
Source: CRAN
Version: 1.8.1
Hash: 8c6910fedb8ed7cd880db123e6acf066
Requires: cli, glue, lifecycle, rlang, vctrs, fansi, utf8

Package: pkgconfig
Source: CRAN
Version: 2.0.3
Hash: 5ff5f2361851a49534c96caa2a8071c7

Package: pkgload
Source: CRAN
Version: 1.3.0
Hash: 4df3b677ec6337592f9afc8429ce44da
Requires: cli, crayon, desc, fs, glue, rlang, rprojroot, withr

Package: plogr
Source: CRAN
Version: 0.2.0
Hash: 81a8008a5e7858552503935f1abe48aa

Package: plotly
Source: CRAN
Version: 4.10.0
Hash: 2875e429de32e630b7daa02c3f5bae55
Requires: RColorBrewer, base64enc, crosstalk, data.table, digest,
    dplyr, ggplot2, htmltools, htmlwidgets, httr, jsonlite, lazyeval,
    magrittr, promises, purrr, rlang, scales, tibble, vctrs,
    viridisLite, tidyr

Package: png
Source: CRAN
Version: 0.1-7
Hash: 421d7d6e0fb4bd885ecbd909b6456b8b

Package: prismatic
Source: CRAN
Version: 1.1.1
Hash: 522483bbb3f3fc708fd4a6e05c464ab4
Requires: farver

Package: promises
Source: CRAN
Version: 1.2.0.1
Hash: 6300096113a47534d86021ee4443a50a
Requires: R6, Rcpp, magrittr, rlang, later

Package: purrr
Source: CRAN
Version: 0.3.4
Hash: fb4c0edca61826ca0b5b33c828a7b276
Requires: magrittr, rlang

Package: ragg
Source: CRAN
Version: 1.2.3
Hash: b2ea303c04f9eff7785f66edfe3d245d
Requires: systemfonts, textshaping

Package: rappdirs
Source: CRAN
Version: 0.3.3
Hash: fd602edfd7dbf365642e35dd9cc97958

Package: rematch2
Source: CRAN
Version: 2.1.2
Hash: b6823f74d6525d39d153620d21e206df
Requires: tibble

Package: restfulr
Source: CRAN
Version: 0.0.15
Hash: 8cab04241adc23828bb2874b002797c5
Requires: RCurl, S4Vectors, yaml, XML, rjson

Package: rhdf5
Source: Bioconductor
Version: 2.40.0
Hash: 64591c59bc55236bd90700736490e8b0
Requires: Rhdf5lib, rhdf5filters

Package: rhdf5filters
Source: Bioconductor
Version: 1.8.0
Hash: 16d89b762b0bef024cfaa1bf75480523
Requires: Rhdf5lib

Package: rjson
Source: CRAN
Version: 0.2.21
Hash: 329cea093af78e8e7b60e3d285e90e69

Package: rlang
Source: CRAN
Version: 1.0.6
Hash: 1333b0d296f816fdae193bdfdb094223

Package: roxygen2
Source: CRAN
Version: 7.2.1
Hash: c3a8bc170b632c7a99a33f7b1ca44c28
Requires: R6, brew, cli, commonmark, cpp11, desc, digest, pkgload,
    purrr, rlang, stringi, stringr, withr, knitr, xml2

Package: rprojroot
Source: CRAN
Version: 2.0.3
Hash: 8acc72d6d4f64fe01e2af6f7ee383e6e

Package: rstudioapi
Source: CRAN
Version: 0.14
Hash: a4049937fbdde61e65fd0eccdbd182d7

Package: rsvd
Source: CRAN
Version: 1.0.5
Hash: 9787754edea4506c2f4993add15cc4b5
Requires: Matrix

Package: rtracklayer
Source: Bioconductor
Version: 1.56.1
Hash: 60a6a532814518a002a13267fddc531b
Requires: BiocGenerics, BiocIO, Biostrings, GenomeInfoDb,
    GenomicAlignments, GenomicRanges, IRanges, RCurl, Rsamtools,
    S4Vectors, XML, XVector, restfulr, zlibbioc

Package: sass
Source: CRAN
Version: 0.4.2
Hash: 52eda2b8c149eb474400d8f085ca55d6
Requires: R6, htmltools, rappdirs, rlang, fs

Package: scales
Source: CRAN
Version: 1.2.1
Hash: eea90021e97de48211d4d46d103d3718
Requires: R6, lifecycle, rlang, RColorBrewer, farver, labeling,
    munsell, viridisLite

Package: scater
Source: Bioconductor
Version: 1.24.0
Hash: f5a2f10ed20a6c39dc15a54c6623be9c
Requires: BiocGenerics, BiocNeighbors, BiocParallel, BiocSingular,
    DelayedArray, DelayedMatrixStats, Matrix, RColorBrewer, RcppML,
    Rtsne, S4Vectors, SingleCellExperiment, SummarizedExperiment,
    beachmat, ggbeeswarm, ggplot2, ggrepel, gridExtra, rlang, scuttle,
    viridis

Package: scuttle
Source: Bioconductor
Version: 1.6.3
Hash: c6498f85440570b9b1b2a7bea5b3f586
Requires: BiocGenerics, BiocParallel, DelayedArray, DelayedMatrixStats,
    GenomicRanges, Matrix, Rcpp, S4Vectors, SingleCellExperiment,
    SummarizedExperiment, beachmat

Package: sessioninfo
Source: CRAN
Version: 1.2.2
Hash: 9626b28fb28a06a419066289acb1c59d
Requires: cli

Package: shiny
Source: CRAN
Version: 1.7.2
Hash: 0ba088cf6b9bcd2e67e0e3cfa8d735fa
Requires: R6, cachem, crayon, ellipsis, fastmap, glue, htmltools,
    jsonlite, later, lifecycle, mime, promises, rlang, withr, bslib,
    commonmark, fontawesome, httpuv, sourcetools, xtable

Package: shinyWidgets
Source: CRAN
Version: 0.7.4
Hash: 5206ce0c1fd70ee51202c80f35251159
Requires: anytime, bslib, htmltools, jsonlite, rlang, sass, shiny

Package: sitmo
Source: CRAN
Version: 2.0.2
Hash: cc47fa4688bf9b322af2ebefb0a9b4e9
Requires: Rcpp

Package: snow
Source: CRAN
Version: 0.4-4
Hash: 72779f4e6833770018917164f265f8ae

Package: sourcetools
Source: CRAN
Version: 0.1.7
Hash: d093478ac90064e670cd4bf1a99b47b6

Package: spam
Source: CRAN
Version: 2.9-1
Hash: 8b04fd14bca6a4e7400435aff742fcd4
Requires: dotCall64

Package: sparseMatrixStats
Source: Bioconductor
Version: 1.8.0
Hash: b81322081567d55e27baaf4fccc0eeb8
Requires: Matrix, MatrixGenerics, Rcpp, matrixStats

Package: spatialLIBD
Source: Bioconductor
Version: 1.8.11
Hash: d38fb6494bcc6da262131732429db8bd
Requires: AnnotationHub, BiocFileCache, BiocGenerics, DT,
    ExperimentHub, GenomicRanges, IRanges, Matrix, RColorBrewer,
    S4Vectors, SingleCellExperiment, SpatialExperiment,
    SummarizedExperiment, benchmarkme, cowplot, fields, ggplot2, golem,
    jsonlite, magick, paletteer, plotly, png, rtracklayer, scater,
    sessioninfo, shiny, shinyWidgets, tibble, viridisLite

Package: stringi
Source: CRAN
Version: 1.7.8
Hash: bb07248d1e4497a0e5d2ff621544bb08

Package: stringr
Source: CRAN
Version: 1.4.1
Hash: f5aeb8f81ad30d4d014092cdae97b707
Requires: glue, magrittr, stringi

Package: sys
Source: CRAN
Version: 3.4
Hash: 7fb0c9e1209a804b329a7df3cd422008

Package: systemfonts
Source: CRAN
Version: 1.0.4
Hash: 0b818965a30720aa2ebe79da54cec193
Requires: cpp11

Package: textshaping
Source: CRAN
Version: 0.3.6
Hash: 86191efbb19df1b676bb89db6b58b0d3
Requires: cpp11, systemfonts

Package: tibble
Source: CRAN
Version: 3.1.8
Hash: 09424424f61003d93b7554d8575949cb
Requires: fansi, lifecycle, magrittr, pillar, pkgconfig, rlang, vctrs

Package: tidyr
Source: CRAN
Version: 1.2.1
Hash: 3e5eba414abd38ba9305866f266f2458
Requires: cpp11, dplyr, ellipsis, glue, lifecycle, magrittr, purrr,
    rlang, tibble, tidyselect, vctrs

Package: tidyselect
Source: CRAN
Version: 1.1.2
Hash: a768f645cc7af6a67089c666e143b7ac
Requires: glue, rlang, vctrs, ellipsis, purrr

Package: usethis
Source: CRAN
Version: 2.1.6
Hash: 6bf3f6ffb3f5b83fe634f15d750ef4d0
Requires: cli, clipr, crayon, curl, desc, fs, gert, gh, glue, jsonlite,
    lifecycle, purrr, rappdirs, rlang, rprojroot, rstudioapi, withr,
    yaml, whisker

Package: utf8
Source: CRAN
Version: 1.2.2
Hash: ae77ea6ebb503eaa6ee3b7ca80ea4f1b

Package: vctrs
Source: CRAN
Version: 0.4.2
Hash: c8d999a9917d4dea2d307f463776b9a8
Requires: rlang, cli, glue

Package: vipor
Source: CRAN
Version: 0.4.5
Hash: 70876a39abff4ef560c2e1c95293de90

Package: viridis
Source: CRAN
Version: 0.6.2
Hash: 408766ecfc2ed335910ba58c262da654
Requires: ggplot2, viridisLite, gridExtra

Package: viridisLite
Source: CRAN
Version: 0.4.1
Hash: a8ef7767189c332f83760934937709ab

Package: whisker
Source: CRAN
Version: 0.4
Hash: 5b1ec05cd96c1e0c6048bab49abee3aa

Package: withr
Source: CRAN
Version: 2.5.0
Hash: 29582655324ddde71118021f0b1b93aa

Package: xfun
Source: CRAN
Version: 0.33
Hash: dfb978433ae7a4b2070dc48793893cf4

Package: xml2
Source: CRAN
Version: 1.3.3
Hash: cef8db3a417c45d9fa118412f7b10e92

Package: xtable
Source: CRAN
Version: 1.8-4
Hash: dc0d47261b678d26032363bebd050540

Package: yaml
Source: CRAN
Version: 2.3.5
Hash: 006ce2bd0f10a964ab59745f81434037

Package: zip
Source: CRAN
Version: 2.2.1
Hash: 00c2fdf466d7cfd394c080246137e494

Package: zlibbioc
Source: Bioconductor
Version: 1.42.0
Hash: 352b7155cc5adb852c1b496bc0a455ac
